
Microsoft Visual Studio Solution File, Format Version 11.00
# Visual Studio 2010
# SharpDevelop 5.0
Project("{FAE04EC0-301F-11D3-BF4B-00C04F79EFBC}") = "Software Frente de  caixa", "Software Frente de  caixa\Software Frente de  caixa.csproj", "{34DD5CBC-FA28-46A9-B7BF-45AE2E4C239F}"
EndProject
Global
	GlobalSection(SolutionConfigurationPlatforms) = preSolution
		Debug|Any CPU = Debug|Any CPU
		Release|Any CPU = Release|Any CPU
	EndGlobalSection
	GlobalSection(ProjectConfigurationPlatforms) = postSolution
		{34DD5CBC-FA28-46A9-B7BF-45AE2E4C239F}.Debug|Any CPU.ActiveCfg = Debug|Any CPU
		{34DD5CBC-FA28-46A9-B7BF-45AE2E4C239F}.Debug|Any CPU.Build.0 = Debug|Any CPU
		{34DD5CBC-FA28-46A9-B7BF-45AE2E4C239F}.Release|Any CPU.ActiveCfg = Release|Any CPU
		{34DD5CBC-FA28-46A9-B7BF-45AE2E4C239F}.Release|Any CPU.Build.0 = Release|Any CPU
	EndGlobalSection
EndGlobal
